
Microsoft Visual Studio Solution File, Format Version 12.00
# Visual Studio Version 16
VisualStudioVersion = 16.0.33130.400
MinimumVisualStudioVersion = 10.0.40219.1
Project("{FAE04EC0-301F-11D3-BF4B-00C04F79EFBC}") = "Scp939Rework", "Scp939Rework.csproj", "{0757F50A-6CC8-4687-924A-DD2D84A0342B}"
EndProject
Global
	GlobalSection(SolutionConfigurationPlatforms) = preSolution
		Debug|Any CPU = Debug|Any CPU
		Release|Any CPU = Release|Any CPU
	EndGlobalSection
	GlobalSection(ProjectConfigurationPlatforms) = postSolution
		{0757F50A-6CC8-4687-924A-DD2D84A0342B}.Debug|Any CPU.ActiveCfg = Debug|Any CPU
		{0757F50A-6CC8-4687-924A-DD2D84A0342B}.Debug|Any CPU.Build.0 = Debug|Any CPU
		{0757F50A-6CC8-4687-924A-DD2D84A0342B}.Release|Any CPU.ActiveCfg = Release|Any CPU
		{0757F50A-6CC8-4687-924A-DD2D84A0342B}.Release|Any CPU.Build.0 = Release|Any CPU
	EndGlobalSection
	GlobalSection(SolutionProperties) = preSolution
		HideSolutionNode = FALSE
	EndGlobalSection
	GlobalSection(ExtensibilityGlobals) = postSolution
		SolutionGuid = {F662535F-9DB2-4333-BDA8-AD4B535FD6DB}
	EndGlobalSection
EndGlobal
